
Microsoft Visual Studio Solution File, Format Version 12.00
Project("{FAE04EC0-301F-11D3-BF4B-00C04F79EFBC}") = "Task9", "Task9\Task9.csproj", "{F17CBB4C-FAEA-4303-AA53-07CABAA0AC4A}"
EndProject
Global
	GlobalSection(SolutionConfigurationPlatforms) = preSolution
		Debug|Any CPU = Debug|Any CPU
		Release|Any CPU = Release|Any CPU
	EndGlobalSection
	GlobalSection(ProjectConfigurationPlatforms) = postSolution
		{F17CBB4C-FAEA-4303-AA53-07CABAA0AC4A}.Debug|Any CPU.ActiveCfg = Debug|Any CPU
		{F17CBB4C-FAEA-4303-AA53-07CABAA0AC4A}.Debug|Any CPU.Build.0 = Debug|Any CPU
		{F17CBB4C-FAEA-4303-AA53-07CABAA0AC4A}.Release|Any CPU.ActiveCfg = Release|Any CPU
		{F17CBB4C-FAEA-4303-AA53-07CABAA0AC4A}.Release|Any CPU.Build.0 = Release|Any CPU
	EndGlobalSection
EndGlobal
